
Microsoft Visual Studio Solution File, Format Version 12.00
# Visual Studio Version 16
VisualStudioVersion = 16.0.29519.87
MinimumVisualStudioVersion = 10.0.40219.1
Project("{FAE04EC0-301F-11D3-BF4B-00C04F79EFBC}") = "AppointmentSystem", "AppointmentSystem.csproj", "{B234B36A-ADA4-40FA-9CEB-320A7754DDCD}"
EndProject
Global
	GlobalSection(SolutionConfigurationPlatforms) = preSolution
		Debug|Any CPU = Debug|Any CPU
		Release|Any CPU = Release|Any CPU
	EndGlobalSection
	GlobalSection(ProjectConfigurationPlatforms) = postSolution
		{B234B36A-ADA4-40FA-9CEB-320A7754DDCD}.Debug|Any CPU.ActiveCfg = Debug|Any CPU
		{B234B36A-ADA4-40FA-9CEB-320A7754DDCD}.Debug|Any CPU.Build.0 = Debug|Any CPU
		{B234B36A-ADA4-40FA-9CEB-320A7754DDCD}.Release|Any CPU.ActiveCfg = Release|Any CPU
		{B234B36A-ADA4-40FA-9CEB-320A7754DDCD}.Release|Any CPU.Build.0 = Release|Any CPU
	EndGlobalSection
	GlobalSection(SolutionProperties) = preSolution
		HideSolutionNode = FALSE
	EndGlobalSection
	GlobalSection(ExtensibilityGlobals) = postSolution
		SolutionGuid = {83BAF7BB-F887-4C7B-B803-E492CC3848D2}
	EndGlobalSection
EndGlobal
